
Microsoft Visual Studio Solution File, Format Version 12.00
# Visual Studio Version 17
VisualStudioVersion = 17.14.36408.4 d17.14
MinimumVisualStudioVersion = 10.0.40219.1
Project("{FAE04EC0-301F-11D3-BF4B-00C04F79EFBC}") = "Ejercicio4", "Ejercicio4\Ejercicio4.csproj", "{FC7E38F9-3318-42BD-8941-802ABB914D6A}"
EndProject
Project("{FAE04EC0-301F-11D3-BF4B-00C04F79EFBC}") = "Ejercicio3", "Ejercicio3\Ejercicio3.csproj", "{C5D2FC2B-A1DF-40AC-8345-B9CEC2688B20}"
EndProject
Project("{FAE04EC0-301F-11D3-BF4B-00C04F79EFBC}") = "DataAccess", "DataAccess\DataAccess.csproj", "{98E8CBB4-8AA5-47F0-9396-46CDE6C62C27}"
EndProject
Project("{FAE04EC0-301F-11D3-BF4B-00C04F79EFBC}") = "BusinessLogicManager", "Bussiness\BusinessLogicManager.csproj", "{53F09896-C1C1-4413-8C3D-B2788FCEC37C}"
EndProject
Global
	GlobalSection(SolutionConfigurationPlatforms) = preSolution
		Debug|Any CPU = Debug|Any CPU
		Release|Any CPU = Release|Any CPU
	EndGlobalSection
	GlobalSection(ProjectConfigurationPlatforms) = postSolution
		{FC7E38F9-3318-42BD-8941-802ABB914D6A}.Debug|Any CPU.ActiveCfg = Debug|Any CPU
		{FC7E38F9-3318-42BD-8941-802ABB914D6A}.Debug|Any CPU.Build.0 = Debug|Any CPU
		{FC7E38F9-3318-42BD-8941-802ABB914D6A}.Release|Any CPU.ActiveCfg = Release|Any CPU
		{FC7E38F9-3318-42BD-8941-802ABB914D6A}.Release|Any CPU.Build.0 = Release|Any CPU
		{C5D2FC2B-A1DF-40AC-8345-B9CEC2688B20}.Debug|Any CPU.ActiveCfg = Debug|Any CPU
		{C5D2FC2B-A1DF-40AC-8345-B9CEC2688B20}.Debug|Any CPU.Build.0 = Debug|Any CPU
		{C5D2FC2B-A1DF-40AC-8345-B9CEC2688B20}.Release|Any CPU.ActiveCfg = Release|Any CPU
		{C5D2FC2B-A1DF-40AC-8345-B9CEC2688B20}.Release|Any CPU.Build.0 = Release|Any CPU
		{98E8CBB4-8AA5-47F0-9396-46CDE6C62C27}.Debug|Any CPU.ActiveCfg = Debug|Any CPU
		{98E8CBB4-8AA5-47F0-9396-46CDE6C62C27}.Debug|Any CPU.Build.0 = Debug|Any CPU
		{98E8CBB4-8AA5-47F0-9396-46CDE6C62C27}.Release|Any CPU.ActiveCfg = Release|Any CPU
		{98E8CBB4-8AA5-47F0-9396-46CDE6C62C27}.Release|Any CPU.Build.0 = Release|Any CPU
		{53F09896-C1C1-4413-8C3D-B2788FCEC37C}.Debug|Any CPU.ActiveCfg = Debug|Any CPU
		{53F09896-C1C1-4413-8C3D-B2788FCEC37C}.Debug|Any CPU.Build.0 = Debug|Any CPU
		{53F09896-C1C1-4413-8C3D-B2788FCEC37C}.Release|Any CPU.ActiveCfg = Release|Any CPU
		{53F09896-C1C1-4413-8C3D-B2788FCEC37C}.Release|Any CPU.Build.0 = Release|Any CPU
	EndGlobalSection
	GlobalSection(SolutionProperties) = preSolution
		HideSolutionNode = FALSE
	EndGlobalSection
	GlobalSection(ExtensibilityGlobals) = postSolution
		SolutionGuid = {89DAE640-AF0B-4861-A2AC-F3C704908F4B}
	EndGlobalSection
EndGlobal
